
Microsoft Visual Studio Solution File, Format Version 12.00
# Visual Studio Version 16
VisualStudioVersion = 16.0.30011.22
MinimumVisualStudioVersion = 10.0.40219.1
Project("{2150E333-8FDC-42A3-9474-1A3956D46DE8}") = "Microservices", "Microservices", "{00F3782D-CB11-4922-B536-C130A8BD79B2}"
EndProject
Project("{2150E333-8FDC-42A3-9474-1A3956D46DE8}") = "Domain", "Domain", "{C0376623-8898-4073-802E-D78A65830500}"
EndProject
Project("{2150E333-8FDC-42A3-9474-1A3956D46DE8}") = "Infra.Bus", "Infra.Bus", "{04793098-F7ED-441B-9320-A54B7D2B2813}"
EndProject
Project("{2150E333-8FDC-42A3-9474-1A3956D46DE8}") = "Infra.IoC", "Infra.IoC", "{A00B64F9-FF3A-4C1E-A78F-9BEBFCBE814E}"
EndProject
Project("{2150E333-8FDC-42A3-9474-1A3956D46DE8}") = "Presentation", "Presentation", "{FB876195-D43A-4505-A11D-950D618BFA6D}"
EndProject
Project("{FAE04EC0-301F-11D3-BF4B-00C04F79EFBC}") = "MicroRabbit.Domain.Core", "MicroRabbit.Domain.Core\MicroRabbit.Domain.Core.csproj", "{9EB5A637-C7FE-4105-94B5-1756300B2D20}"
EndProject
Project("{FAE04EC0-301F-11D3-BF4B-00C04F79EFBC}") = "MicroRabbit.Infrastructure.Bus", "MicroRabbit.Infrastructure.Bus\MicroRabbit.Infrastructure.Bus.csproj", "{8C0FEE03-E944-4BE5-BD86-2BDF08425492}"
EndProject
Project("{FAE04EC0-301F-11D3-BF4B-00C04F79EFBC}") = "MicroRabbit.Infra.IoC", "MicroRabbit.Infra.IoC\MicroRabbit.Infra.IoC.csproj", "{4E049C73-5559-492B-AB01-CF3CD62FCE59}"
EndProject
Project("{2150E333-8FDC-42A3-9474-1A3956D46DE8}") = "Banking", "Banking", "{748107C1-11E5-454C-871D-847600D5CC09}"
EndProject
Project("{2150E333-8FDC-42A3-9474-1A3956D46DE8}") = "Api", "Api", "{2A82CA0C-16E7-466A-93EF-2D0D1CA48581}"
EndProject
Project("{2150E333-8FDC-42A3-9474-1A3956D46DE8}") = "Domain", "Domain", "{2A1EA136-BCA9-401B-B891-9983C7185AFB}"
EndProject
Project("{2150E333-8FDC-42A3-9474-1A3956D46DE8}") = "Application", "Application", "{B211CE75-25CF-4F01-953A-90744EC0C5D4}"
EndProject
Project("{2150E333-8FDC-42A3-9474-1A3956D46DE8}") = "data", "data", "{D9CD465D-91E0-406F-A33A-6A40EAE61725}"
EndProject
Project("{FAE04EC0-301F-11D3-BF4B-00C04F79EFBC}") = "MicroRabbit.Banking.Api", "MicroRabbit.Banking.Api\MicroRabbit.Banking.Api.csproj", "{16E87AF1-EE7D-471D-9C2B-400B61D399CA}"
EndProject
Project("{FAE04EC0-301F-11D3-BF4B-00C04F79EFBC}") = "MicroRabbit.Banking.Application", "MicroRabbit.Banking.Application\MicroRabbit.Banking.Application.csproj", "{7798360B-3D70-4669-9741-CDE50BF2C631}"
EndProject
Project("{FAE04EC0-301F-11D3-BF4B-00C04F79EFBC}") = "MicroRabbit.Banking.Data", "MicroRabbit.Banking.Data\MicroRabbit.Banking.Data.csproj", "{F35520DB-70B5-4F7E-8E11-A154359DB466}"
EndProject
Project("{FAE04EC0-301F-11D3-BF4B-00C04F79EFBC}") = "MicroRabbit.Banking.Domain", "MicroRabbit.Banking.Domain\MicroRabbit.Banking.Domain.csproj", "{23236D24-4189-4DDF-91FD-21C33E31EAC1}"
EndProject
Global
	GlobalSection(SolutionConfigurationPlatforms) = preSolution
		Debug|Any CPU = Debug|Any CPU
		Release|Any CPU = Release|Any CPU
	EndGlobalSection
	GlobalSection(ProjectConfigurationPlatforms) = postSolution
		{9EB5A637-C7FE-4105-94B5-1756300B2D20}.Debug|Any CPU.ActiveCfg = Debug|Any CPU
		{9EB5A637-C7FE-4105-94B5-1756300B2D20}.Debug|Any CPU.Build.0 = Debug|Any CPU
		{9EB5A637-C7FE-4105-94B5-1756300B2D20}.Release|Any CPU.ActiveCfg = Release|Any CPU
		{9EB5A637-C7FE-4105-94B5-1756300B2D20}.Release|Any CPU.Build.0 = Release|Any CPU
		{8C0FEE03-E944-4BE5-BD86-2BDF08425492}.Debug|Any CPU.ActiveCfg = Debug|Any CPU
		{8C0FEE03-E944-4BE5-BD86-2BDF08425492}.Debug|Any CPU.Build.0 = Debug|Any CPU
		{8C0FEE03-E944-4BE5-BD86-2BDF08425492}.Release|Any CPU.ActiveCfg = Release|Any CPU
		{8C0FEE03-E944-4BE5-BD86-2BDF08425492}.Release|Any CPU.Build.0 = Release|Any CPU
		{4E049C73-5559-492B-AB01-CF3CD62FCE59}.Debug|Any CPU.ActiveCfg = Debug|Any CPU
		{4E049C73-5559-492B-AB01-CF3CD62FCE59}.Debug|Any CPU.Build.0 = Debug|Any CPU
		{4E049C73-5559-492B-AB01-CF3CD62FCE59}.Release|Any CPU.ActiveCfg = Release|Any CPU
		{4E049C73-5559-492B-AB01-CF3CD62FCE59}.Release|Any CPU.Build.0 = Release|Any CPU
		{16E87AF1-EE7D-471D-9C2B-400B61D399CA}.Debug|Any CPU.ActiveCfg = Debug|Any CPU
		{16E87AF1-EE7D-471D-9C2B-400B61D399CA}.Debug|Any CPU.Build.0 = Debug|Any CPU
		{16E87AF1-EE7D-471D-9C2B-400B61D399CA}.Release|Any CPU.ActiveCfg = Release|Any CPU
		{16E87AF1-EE7D-471D-9C2B-400B61D399CA}.Release|Any CPU.Build.0 = Release|Any CPU
		{7798360B-3D70-4669-9741-CDE50BF2C631}.Debug|Any CPU.ActiveCfg = Debug|Any CPU
		{7798360B-3D70-4669-9741-CDE50BF2C631}.Debug|Any CPU.Build.0 = Debug|Any CPU
		{7798360B-3D70-4669-9741-CDE50BF2C631}.Release|Any CPU.ActiveCfg = Release|Any CPU
		{7798360B-3D70-4669-9741-CDE50BF2C631}.Release|Any CPU.Build.0 = Release|Any CPU
		{F35520DB-70B5-4F7E-8E11-A154359DB466}.Debug|Any CPU.ActiveCfg = Debug|Any CPU
		{F35520DB-70B5-4F7E-8E11-A154359DB466}.Debug|Any CPU.Build.0 = Debug|Any CPU
		{F35520DB-70B5-4F7E-8E11-A154359DB466}.Release|Any CPU.ActiveCfg = Release|Any CPU
		{F35520DB-70B5-4F7E-8E11-A154359DB466}.Release|Any CPU.Build.0 = Release|Any CPU
		{23236D24-4189-4DDF-91FD-21C33E31EAC1}.Debug|Any CPU.ActiveCfg = Debug|Any CPU
		{23236D24-4189-4DDF-91FD-21C33E31EAC1}.Debug|Any CPU.Build.0 = Debug|Any CPU
		{23236D24-4189-4DDF-91FD-21C33E31EAC1}.Release|Any CPU.ActiveCfg = Release|Any CPU
		{23236D24-4189-4DDF-91FD-21C33E31EAC1}.Release|Any CPU.Build.0 = Release|Any CPU
	EndGlobalSection
	GlobalSection(SolutionProperties) = preSolution
		HideSolutionNode = FALSE
	EndGlobalSection
	GlobalSection(NestedProjects) = preSolution
		{9EB5A637-C7FE-4105-94B5-1756300B2D20} = {C0376623-8898-4073-802E-D78A65830500}
		{8C0FEE03-E944-4BE5-BD86-2BDF08425492} = {04793098-F7ED-441B-9320-A54B7D2B2813}
		{4E049C73-5559-492B-AB01-CF3CD62FCE59} = {A00B64F9-FF3A-4C1E-A78F-9BEBFCBE814E}
		{748107C1-11E5-454C-871D-847600D5CC09} = {00F3782D-CB11-4922-B536-C130A8BD79B2}
		{2A82CA0C-16E7-466A-93EF-2D0D1CA48581} = {748107C1-11E5-454C-871D-847600D5CC09}
		{2A1EA136-BCA9-401B-B891-9983C7185AFB} = {748107C1-11E5-454C-871D-847600D5CC09}
		{B211CE75-25CF-4F01-953A-90744EC0C5D4} = {748107C1-11E5-454C-871D-847600D5CC09}
		{D9CD465D-91E0-406F-A33A-6A40EAE61725} = {748107C1-11E5-454C-871D-847600D5CC09}
		{16E87AF1-EE7D-471D-9C2B-400B61D399CA} = {2A82CA0C-16E7-466A-93EF-2D0D1CA48581}
		{7798360B-3D70-4669-9741-CDE50BF2C631} = {B211CE75-25CF-4F01-953A-90744EC0C5D4}
		{F35520DB-70B5-4F7E-8E11-A154359DB466} = {D9CD465D-91E0-406F-A33A-6A40EAE61725}
		{23236D24-4189-4DDF-91FD-21C33E31EAC1} = {2A1EA136-BCA9-401B-B891-9983C7185AFB}
	EndGlobalSection
	GlobalSection(ExtensibilityGlobals) = postSolution
		SolutionGuid = {9D94331C-1B22-4F7A-BC21-B4CF94D47D3C}
	EndGlobalSection
EndGlobal
